{
  "name": "PrepForMigration",
  "version": "0.0.1",
  "lockfileVersion": 2,
  "requires": true,
  "packages": {
    "": {
      "name": "PrepForMigration",
      "version": "0.0.1",
      "license": "MIT",
      "devDependencies": {
        "@figma/plugin-typings": "^1.22.0"
      }
    },
    "node_modules/@figma/plugin-typings": {
      "version": "1.41.1",
      "resolved": "https://registry.npmjs.org/@figma/plugin-typings/-/plugin-typings-1.41.1.tgz",
      "integrity": "sha512-Cw8iTllj7Lv8cZIQ9zz82SbV3jqqXjTxiziyRP+/FiO+IphF0fGFgbzITE5bSYcn/T/wkkWn9hydJKU57eD51g==",
      "dev": true
    }
  },
  "dependencies": {
    "@figma/plugin-typings": {
      "version": "1.41.1",
      "resolved": "https://registry.npmjs.org/@figma/plugin-typings/-/plugin-typings-1.41.1.tgz",
      "integrity": "sha512-Cw8iTllj7Lv8cZIQ9zz82SbV3jqqXjTxiziyRP+/FiO+IphF0fGFgbzITE5bSYcn/T/wkkWn9hydJKU57eD51g==",
      "dev": true
    }
  }
}
